
Microsoft Visual Studio Solution File, Format Version 12.00
# Visual Studio Version 17
VisualStudioVersion = 17.11.35303.130
MinimumVisualStudioVersion = 10.0.40219.1
Project("{8BC9CEB8-8B4A-11D0-8D11-00A0C91BC942}") = "PolinomLab", "PolinomLab\PolinomLab.vcxproj", "{8E6E6B49-9BA4-4C5D-80A0-DF0DC956B4FC}"
EndProject
Project("{8BC9CEB8-8B4A-11D0-8D11-00A0C91BC942}") = "CppWinForm1", "GraphicsProject\CppWinForm1.vcxproj", "{9696B190-8A31-45BA-A43E-0287102EF438}"
EndProject
Project("{8BC9CEB8-8B4A-11D0-8D11-00A0C91BC942}") = "Test_polinom", "Test_polinom\Test_stack.vcxproj", "{9A71C445-A04D-4BCF-91F7-67D6952FBFBF}"
EndProject
Global
	GlobalSection(SolutionConfigurationPlatforms) = preSolution
		Debug|x64 = Debug|x64
		Debug|x86 = Debug|x86
		Release|x64 = Release|x64
		Release|x86 = Release|x86
	EndGlobalSection
	GlobalSection(ProjectConfigurationPlatforms) = postSolution
		{8E6E6B49-9BA4-4C5D-80A0-DF0DC956B4FC}.Debug|x64.ActiveCfg = Debug|x64
		{8E6E6B49-9BA4-4C5D-80A0-DF0DC956B4FC}.Debug|x64.Build.0 = Debug|x64
		{8E6E6B49-9BA4-4C5D-80A0-DF0DC956B4FC}.Debug|x86.ActiveCfg = Debug|Win32
		{8E6E6B49-9BA4-4C5D-80A0-DF0DC956B4FC}.Debug|x86.Build.0 = Debug|Win32
		{8E6E6B49-9BA4-4C5D-80A0-DF0DC956B4FC}.Release|x64.ActiveCfg = Release|x64
		{8E6E6B49-9BA4-4C5D-80A0-DF0DC956B4FC}.Release|x64.Build.0 = Release|x64
		{8E6E6B49-9BA4-4C5D-80A0-DF0DC956B4FC}.Release|x86.ActiveCfg = Release|Win32
		{8E6E6B49-9BA4-4C5D-80A0-DF0DC956B4FC}.Release|x86.Build.0 = Release|Win32
		{9696B190-8A31-45BA-A43E-0287102EF438}.Debug|x64.ActiveCfg = Debug|x64
		{9696B190-8A31-45BA-A43E-0287102EF438}.Debug|x64.Build.0 = Debug|x64
		{9696B190-8A31-45BA-A43E-0287102EF438}.Debug|x86.ActiveCfg = Debug|Win32
		{9696B190-8A31-45BA-A43E-0287102EF438}.Debug|x86.Build.0 = Debug|Win32
		{9696B190-8A31-45BA-A43E-0287102EF438}.Release|x64.ActiveCfg = Release|x64
		{9696B190-8A31-45BA-A43E-0287102EF438}.Release|x64.Build.0 = Release|x64
		{9696B190-8A31-45BA-A43E-0287102EF438}.Release|x86.ActiveCfg = Release|Win32
		{9696B190-8A31-45BA-A43E-0287102EF438}.Release|x86.Build.0 = Release|Win32
		{9A71C445-A04D-4BCF-91F7-67D6952FBFBF}.Debug|x64.ActiveCfg = Debug|x64
		{9A71C445-A04D-4BCF-91F7-67D6952FBFBF}.Debug|x64.Build.0 = Debug|x64
		{9A71C445-A04D-4BCF-91F7-67D6952FBFBF}.Debug|x86.ActiveCfg = Debug|Win32
		{9A71C445-A04D-4BCF-91F7-67D6952FBFBF}.Debug|x86.Build.0 = Debug|Win32
		{9A71C445-A04D-4BCF-91F7-67D6952FBFBF}.Release|x64.ActiveCfg = Release|x64
		{9A71C445-A04D-4BCF-91F7-67D6952FBFBF}.Release|x64.Build.0 = Release|x64
		{9A71C445-A04D-4BCF-91F7-67D6952FBFBF}.Release|x86.ActiveCfg = Release|Win32
		{9A71C445-A04D-4BCF-91F7-67D6952FBFBF}.Release|x86.Build.0 = Release|Win32
	EndGlobalSection
	GlobalSection(SolutionProperties) = preSolution
		HideSolutionNode = FALSE
	EndGlobalSection
	GlobalSection(ExtensibilityGlobals) = postSolution
		SolutionGuid = {A7F61A54-B997-4AD3-9A87-8D6288098590}
	EndGlobalSection
EndGlobal
